
Microsoft Visual Studio Solution File, Format Version 12.00
# Visual Studio Version 16
VisualStudioVersion = 16.0.31911.196
MinimumVisualStudioVersion = 10.0.40219.1
Project("{FAE04EC0-301F-11D3-BF4B-00C04F79EFBC}") = "MvcAWSPostgres", "MvcAWSPostgres\MvcAWSPostgres.csproj", "{9D2501F9-70E0-4E61-8090-5AFE876662DC}"
EndProject
Global
	GlobalSection(SolutionConfigurationPlatforms) = preSolution
		Debug|Any CPU = Debug|Any CPU
		Release|Any CPU = Release|Any CPU
	EndGlobalSection
	GlobalSection(ProjectConfigurationPlatforms) = postSolution
		{9D2501F9-70E0-4E61-8090-5AFE876662DC}.Debug|Any CPU.ActiveCfg = Debug|Any CPU
		{9D2501F9-70E0-4E61-8090-5AFE876662DC}.Debug|Any CPU.Build.0 = Debug|Any CPU
		{9D2501F9-70E0-4E61-8090-5AFE876662DC}.Release|Any CPU.ActiveCfg = Release|Any CPU
		{9D2501F9-70E0-4E61-8090-5AFE876662DC}.Release|Any CPU.Build.0 = Release|Any CPU
	EndGlobalSection
	GlobalSection(SolutionProperties) = preSolution
		HideSolutionNode = FALSE
	EndGlobalSection
	GlobalSection(ExtensibilityGlobals) = postSolution
		SolutionGuid = {76DA84BA-4768-4D70-ADE5-15A3ED23680B}
	EndGlobalSection
EndGlobal
